
Microsoft Visual Studio Solution File, Format Version 12.00
# Visual Studio 15
VisualStudioVersion = 15.0.27004.2005
MinimumVisualStudioVersion = 10.0.40219.1
Project("{FAE04EC0-301F-11D3-BF4B-00C04F79EFBC}") = "TaskMaster", "src\TaskMaster\TaskMaster.csproj", "{273EBC3A-D3B5-418D-9FA6-9501D8F71A89}"
EndProject
Project("{FAE04EC0-301F-11D3-BF4B-00C04F79EFBC}") = "TaskMasterDemoDriver", "src\TaskMasterDemoDriver\TaskMasterDemoDriver.csproj", "{95708387-189B-4854-AA82-5314E317057A}"
EndProject
Project("{FAE04EC0-301F-11D3-BF4B-00C04F79EFBC}") = "TaskMasterTest", "test\TaskMasterTest\TaskMasterTest.csproj", "{8B81AA04-4114-4B72-B13E-187A7AB0DC32}"
EndProject
Global
	GlobalSection(SolutionConfigurationPlatforms) = preSolution
		Debug|Any CPU = Debug|Any CPU
		Release|Any CPU = Release|Any CPU
	EndGlobalSection
	GlobalSection(ProjectConfigurationPlatforms) = postSolution
		{273EBC3A-D3B5-418D-9FA6-9501D8F71A89}.Debug|Any CPU.ActiveCfg = Debug|Any CPU
		{273EBC3A-D3B5-418D-9FA6-9501D8F71A89}.Debug|Any CPU.Build.0 = Debug|Any CPU
		{273EBC3A-D3B5-418D-9FA6-9501D8F71A89}.Release|Any CPU.ActiveCfg = Release|Any CPU
		{273EBC3A-D3B5-418D-9FA6-9501D8F71A89}.Release|Any CPU.Build.0 = Release|Any CPU
		{95708387-189B-4854-AA82-5314E317057A}.Debug|Any CPU.ActiveCfg = Debug|Any CPU
		{95708387-189B-4854-AA82-5314E317057A}.Debug|Any CPU.Build.0 = Debug|Any CPU
		{95708387-189B-4854-AA82-5314E317057A}.Release|Any CPU.ActiveCfg = Release|Any CPU
		{95708387-189B-4854-AA82-5314E317057A}.Release|Any CPU.Build.0 = Release|Any CPU
		{8B81AA04-4114-4B72-B13E-187A7AB0DC32}.Debug|Any CPU.ActiveCfg = Debug|Any CPU
		{8B81AA04-4114-4B72-B13E-187A7AB0DC32}.Debug|Any CPU.Build.0 = Debug|Any CPU
		{8B81AA04-4114-4B72-B13E-187A7AB0DC32}.Release|Any CPU.ActiveCfg = Release|Any CPU
		{8B81AA04-4114-4B72-B13E-187A7AB0DC32}.Release|Any CPU.Build.0 = Release|Any CPU
	EndGlobalSection
	GlobalSection(SolutionProperties) = preSolution
		HideSolutionNode = FALSE
	EndGlobalSection
	GlobalSection(ExtensibilityGlobals) = postSolution
		SolutionGuid = {1AAE1DC3-BE48-489A-BB5B-CDDF220F4E25}
	EndGlobalSection
EndGlobal
